{
  "name": "node_2_3",
  "version": "1.0.0",
  "lockfileVersion": 3,
  "requires": true,
  "packages": {
    "": {
      "name": "node_2_3",
      "version": "1.0.0",
      "license": "ISC",
      "dependencies": {
        "marina_package": "^1.0.0"
      }
    },
    "node_modules/marina_package": {
      "version": "1.0.0",
      "resolved": "https://registry.npmjs.org/marina_package/-/marina_package-1.0.0.tgz",
      "integrity": "sha512-PzbliCT7vc9KreJcC2hV6ixRcy1HRasFpEvaf5af9TaKnwPKLw6I45K6J7mw9nlY/iMmr5qp1GtLQEEWclh3zg==",
      "license": "ISC"
    }
  }
}
